// !$*UTF8*$!
{
	archiveVersion = 1;
	classes = {
	};
	objectVersion = 56;
	objects = {

/* Begin PBXBuildFile section */
		15DCFE3A29CC351600F892D9 /* AppDelegate.swift in Sources */ = {isa = PBXBuildFile; fileRef = 15DCFE3929CC351600F892D9 /* AppDelegate.swift */; };
		15DCFE3C29CC351600F892D9 /* SceneDelegate.swift in Sources */ = {isa = PBXBuildFile; fileRef = 15DCFE3B29CC351600F892D9 /* SceneDelegate.swift */; };
		15DCFE3E29CC351600F892D9 /* ViewController.swift in Sources */ = {isa = PBXBuildFile; fileRef = 15DCFE3D29CC351600F892D9 /* ViewController.swift */; };
		15DCFE4129CC351600F892D9 /* Main.storyboard in Resources */ = {isa = PBXBuildFile; fileRef = 15DCFE3F29CC351600F892D9 /* Main.storyboard */; };
		15DCFE4429CC351600F892D9 /* date.xcdatamodeld in Sources */ = {isa = PBXBuildFile; fileRef = 15DCFE4229CC351600F892D9 /* date.xcdatamodeld */; };
		15DCFE4629CC351800F892D9 /* Assets.xcassets in Resources */ = {isa = PBXBuildFile; fileRef = 15DCFE4529CC351800F892D9 /* Assets.xcassets */; };
		15DCFE4929CC351800F892D9 /* LaunchScreen.storyboard in Resources */ = {isa = PBXBuildFile; fileRef = 15DCFE4729CC351800F892D9 /* LaunchScreen.storyboard */; };
		15DCFE5229CC358F00F892D9 /* MyDate+CoreDataClass.swift in Sources */ = {isa = PBXBuildFile; fileRef = 15DCFE5029CC358F00F892D9 /* MyDate+CoreDataClass.swift */; };
		15DCFE5329CC358F00F892D9 /* MyDate+CoreDataProperties.swift in Sources */ = {isa = PBXBuildFile; fileRef = 15DCFE5129CC358F00F892D9 /* MyDate+CoreDataProperties.swift */; };
		15DCFE5729CC565F00F892D9 /* NoteViewController.swift in Sources */ = {isa = PBXBuildFile; fileRef = 15DCFE5629CC565F00F892D9 /* NoteViewController.swift */; };
/* End PBXBuildFile section */

/* Begin PBXFileReference section */
		15DCFE3629CC351600F892D9 /* date.app */ = {isa = PBXFileReference; explicitFileType = wrapper.application; includeInIndex = 0; path = date.app; sourceTree = BUILT_PRODUCTS_DIR; };
		15DCFE3929CC351600F892D9 /* AppDelegate.swift */ = {isa = PBXFileReference; lastKnownFileType = sourcecode.swift; path = AppDelegate.swift; sourceTree = "<group>"; };
		15DCFE3B29CC351600F892D9 /* SceneDelegate.swift */ = {isa = PBXFileReference; lastKnownFileType = sourcecode.swift; path = SceneDelegate.swift; sourceTree = "<group>"; };
		15DCFE3D29CC351600F892D9 /* ViewController.swift */ = {isa = PBXFileReference; lastKnownFileType = sourcecode.swift; path = ViewController.swift; sourceTree = "<group>"; };
		15DCFE4029CC351600F892D9 /* Base */ = {isa = PBXFileReference; lastKnownFileType = file.storyboard; name = Base; path = Base.lproj/Main.storyboard; sourceTree = "<group>"; };
		15DCFE4329CC351600F892D9 /* date.xcdatamodel */ = {isa = PBXFileReference; lastKnownFileType = wrapper.xcdatamodel; path = date.xcdatamodel; sourceTree = "<group>"; };
		15DCFE4529CC351800F892D9 /* Assets.xcassets */ = {isa = PBXFileReference; lastKnownFileType = folder.assetcatalog; path = Assets.xcassets; sourceTree = "<group>"; };
		15DCFE4829CC351800F892D9 /* Base */ = {isa = PBXFileReference; lastKnownFileType = file.storyboard; name = Base; path = Base.lproj/LaunchScreen.storyboard; sourceTree = "<group>"; };
		15DCFE4A29CC351800F892D9 /* Info.plist */ = {isa = PBXFileReference; lastKnownFileType = text.plist.xml; path = Info.plist; sourceTree = "<group>"; };
		15DCFE5029CC358F00F892D9 /* MyDate+CoreDataClass.swift */ = {isa = PBXFileReference; lastKnownFileType = sourcecode.swift; path = "MyDate+CoreDataClass.swift"; sourceTree = "<group>"; };
		15DCFE5129CC358F00F892D9 /* MyDate+CoreDataProperties.swift */ = {isa = PBXFileReference; lastKnownFileType = sourcecode.swift; path = "MyDate+CoreDataProperties.swift"; sourceTree = "<group>"; };
		15DCFE5629CC565F00F892D9 /* NoteViewController.swift */ = {isa = PBXFileReference; lastKnownFileType = sourcecode.swift; path = NoteViewController.swift; sourceTree = "<group>"; };
/* End PBXFileReference section */

/* Begin PBXFrameworksBuildPhase section */
		15DCFE3329CC351600F892D9 /* Frameworks */ = {
			isa = PBXFrameworksBuildPhase;
			buildActionMask = 2147483647;
			files = (
			);
			runOnlyForDeploymentPostprocessing = 0;
		};
/* End PBXFrameworksBuildPhase section */

/* Begin PBXGroup section */
		15DCFE2D29CC351600F892D9 = {
			isa = PBXGroup;
			children = (
				15DCFE5029CC358F00F892D9 /* MyDate+CoreDataClass.swift */,
				15DCFE5129CC358F00F892D9 /* MyDate+CoreDataProperties.swift */,
				15DCFE3829CC351600F892D9 /* date */,
				15DCFE3729CC351600F892D9 /* Products */,
			);
			sourceTree = "<group>";
		};
		15DCFE3729CC351600F892D9 /* Products */ = {
			isa = PBXGroup;
			children = (
				15DCFE3629CC351600F892D9 /* date.app */,
			);
			name = Products;
			sourceTree = "<group>";
		};
		15DCFE3829CC351600F892D9 /* date */ = {
			isa = PBXGroup;
			children = (
				15DCFE3929CC351600F892D9 /* AppDelegate.swift */,
				15DCFE3B29CC351600F892D9 /* SceneDelegate.swift */,
				15DCFE3D29CC351600F892D9 /* ViewController.swift */,
				15DCFE3F29CC351600F892D9 /* Main.storyboard */,
				15DCFE5629CC565F00F892D9 /* NoteViewController.swift */,
				15DCFE4529CC351800F892D9 /* Assets.xcassets */,
				15DCFE4729CC351800F892D9 /* LaunchScreen.storyboard */,
				15DCFE4A29CC351800F892D9 /* Info.plist */,
				15DCFE4229CC351600F892D9 /* date.xcdatamodeld */,
			);
			path = date;
			sourceTree = "<group>";
		};
/* End PBXGroup section */

/* Begin PBXNativeTarget section */
		15DCFE3529CC351600F892D9 /* date */ = {
			isa = PBXNativeTarget;
			buildConfigurationList = 15DCFE4D29CC351800F892D9 /* Build configuration list for PBXNativeTarget "date" */;
			buildPhases = (
				15DCFE3229CC351600F892D9 /* Sources */,
				15DCFE3329CC351600F892D9 /* Frameworks */,
				15DCFE3429CC351600F892D9 /* Resources */,
			);
			buildRules = (
			);
			dependencies = (
			);
			name = date;
			productName = date;
			productReference = 15DCFE3629CC351600F892D9 /* date.app */;
			productType = "com.apple.product-type.application";
		};
/* End PBXNativeTarget section */

/* Begin PBXProject section */
		15DCFE2E29CC351600F892D9 /* Project object */ = {
			isa = PBXProject;
			attributes = {
				BuildIndependentTargetsInParallel = 1;
				LastSwiftUpdateCheck = 1410;
				LastUpgradeCheck = 1410;
				TargetAttributes = {
					15DCFE3529CC351600F892D9 = {
						CreatedOnToolsVersion = 14.1;
					};
				};
			};
			buildConfigurationList = 15DCFE3129CC351600F892D9 /* Build configuration list for PBXProject "date" */;
			compatibilityVersion = "Xcode 14.0";
			developmentRegion = en;
			hasScannedForEncodings = 0;
			knownRegions = (
				en,
				Base,
			);
			mainGroup = 15DCFE2D29CC351600F892D9;
			productRefGroup = 15DCFE3729CC351600F892D9 /* Products */;
			projectDirPath = "";
			projectRoot = "";
			targets = (
				15DCFE3529CC351600F892D9 /* date */,
			);
		};
/* End PBXProject section */

/* Begin PBXResourcesBuildPhase section */
		15DCFE3429CC351600F892D9 /* Resources */ = {
			isa = PBXResourcesBuildPhase;
			buildActionMask = 2147483647;
			files = (
				15DCFE4929CC351800F892D9 /* LaunchScreen.storyboard in Resources */,
				15DCFE4629CC351800F892D9 /* Assets.xcassets in Resources */,
				15DCFE4129CC351600F892D9 /* Main.storyboard in Resources */,
			);
			runOnlyForDeploymentPostprocessing = 0;
		};
/* End PBXResourcesBuildPhase section */

/* Begin PBXSourcesBuildPhase section */
		15DCFE3229CC351600F892D9 /* Sources */ = {
			isa = PBXSourcesBuildPhase;
			buildActionMask = 2147483647;
			files = (
				15DCFE5729CC565F00F892D9 /* NoteViewController.swift in Sources */,
				15DCFE3E29CC351600F892D9 /* ViewController.swift in Sources */,
				15DCFE3A29CC351600F892D9 /* AppDelegate.swift in Sources */,
				15DCFE3C29CC351600F892D9 /* SceneDelegate.swift in Sources */,
				15DCFE5329CC358F00F892D9 /* MyDate+CoreDataProperties.swift in Sources */,
				15DCFE4429CC351600F892D9 /* date.xcdatamodeld in Sources */,
				15DCFE5229CC358F00F892D9 /* MyDate+CoreDataClass.swift in Sources */,
			);
			runOnlyForDeploymentPostprocessing = 0;
		};
/* End PBXSourcesBuildPhase section */

/* Begin PBXVariantGroup section */
		15DCFE3F29CC351600F892D9 /* Main.storyboard */ = {
			isa = PBXVariantGroup;
			children = (
				15DCFE4029CC351600F892D9 /* Base */,
			);
			name = Main.storyboard;
			sourceTree = "<group>";
		};
		15DCFE4729CC351800F892D9 /* LaunchScreen.storyboard */ = {
			isa = PBXVariantGroup;
			children = (
				15DCFE4829CC351800F892D9 /* Base */,
			);
			name = LaunchScreen.storyboard;
			sourceTree = "<group>";
		};
/* End PBXVariantGroup section */

/* Begin XCBuildConfiguration section */
		15DCFE4B29CC351800F892D9 /* Debug */ = {
			isa = XCBuildConfiguration;
			buildSettings = {
				ALWAYS_SEARCH_USER_PATHS = NO;
				CLANG_ANALYZER_NONNULL = YES;
				CLANG_ANALYZER_NUMBER_OBJECT_CONVERSION = YES_AGGRESSIVE;
				CLANG_CXX_LANGUAGE_STANDARD = "gnu++20";
				CLANG_ENABLE_MODULES = YES;
				CLANG_ENABLE_OBJC_ARC = YES;
				CLANG_ENABLE_OBJC_WEAK = YES;
				CLANG_WARN_BLOCK_CAPTURE_AUTORELEASING = YES;
				CLANG_WARN_BOOL_CONVERSION = YES;
				CLANG_WARN_COMMA = YES;
				CLANG_WARN_CONSTANT_CONVERSION = YES;
				CLANG_WARN_DEPRECATED_OBJC_IMPLEMENTATIONS = YES;
				CLANG_WARN_DIRECT_OBJC_ISA_USAGE = YES_ERROR;
				CLANG_WARN_DOCUMENTATION_COMMENTS = YES;
				CLANG_WARN_EMPTY_BODY = YES;
				CLANG_WARN_ENUM_CONVERSION = YES;
				CLANG_WARN_INFINITE_RECURSION = YES;
				CLANG_WARN_INT_CONVERSION = YES;
				CLANG_WARN_NON_LITERAL_NULL_CONVERSION = YES;
				CLANG_WARN_OBJC_IMPLICIT_RETAIN_SELF = YES;
				CLANG_WARN_OBJC_LITERAL_CONVERSION = YES;
				CLANG_WARN_OBJC_ROOT_CLASS = YES_ERROR;
				CLANG_WARN_QUOTED_INCLUDE_IN_FRAMEWORK_HEADER = YES;
				CLANG_WARN_RANGE_LOOP_ANALYSIS = YES;
				CLANG_WARN_STRICT_PROTOTYPES = YES;
				CLANG_WARN_SUSPICIOUS_MOVE = YES;
				CLANG_WARN_UNGUARDED_AVAILABILITY = YES_AGGRESSIVE;
				CLANG_WARN_UNREACHABLE_CODE = YES;
				CLANG_WARN__DUPLICATE_METHOD_MATCH = YES;
				COPY_PHASE_STRIP = NO;
				DEBUG_INFORMATION_FORMAT = dwarf;
				ENABLE_STRICT_OBJC_MSGSEND = YES;
				ENABLE_TESTABILITY = YES;
				GCC_C_LANGUAGE_STANDARD = gnu11;
				GCC_DYNAMIC_NO_PIC = NO;
				GCC_NO_COMMON_BLOCKS = YES;
				GCC_OPTIMIZATION_LEVEL = 0;
				GCC_PREPROCESSOR_DEFINITIONS = (
					"DEBUG=1",
					"$(inherited)",
				);
				GCC_WARN_64_TO_32_BIT_CONVERSION = YES;
				GCC_WARN_ABOUT_RETURN_TYPE = YES_ERROR;
				GCC_WARN_UNDECLARED_SELECTOR = YES;
				GCC_WARN_UNINITIALIZED_AUTOS = YES_AGGRESSIVE;
				GCC_WARN_UNUSED_FUNCTION = YES;
				GCC_WARN_UNUSED_VARIABLE = YES;
				IPHONEOS_DEPLOYMENT_TARGET = 16.1;
				MTL_ENABLE_DEBUG_INFO = INCLUDE_SOURCE;
				MTL_FAST_MATH = YES;
				ONLY_ACTIVE_ARCH = YES;
				SDKROOT = iphoneos;
				SWIFT_ACTIVE_COMPILATION_CONDITIONS = DEBUG;
				SWIFT_OPTIMIZATION_LEVEL = "-Onone";
			};
			name = Debug;
		};
		15DCFE4C29CC351800F892D9 /* Release */ = {
			isa = XCBuildConfiguration;
			buildSettings = {
				ALWAYS_SEARCH_USER_PATHS = NO;
				CLANG_ANALYZER_NONNULL = YES;
				CLANG_ANALYZER_NUMBER_OBJECT_CONVERSION = YES_AGGRESSIVE;
				CLANG_CXX_LANGUAGE_STANDARD = "gnu++20";
				CLANG_ENABLE_MODULES = YES;
				CLANG_ENABLE_OBJC_ARC = YES;
				CLANG_ENABLE_OBJC_WEAK = YES;
				CLANG_WARN_BLOCK_CAPTURE_AUTORELEASING = YES;
				CLANG_WARN_BOOL_CONVERSION = YES;
				CLANG_WARN_COMMA = YES;
				CLANG_WARN_CONSTANT_CONVERSION = YES;
				CLANG_WARN_DEPRECATED_OBJC_IMPLEMENTATIONS = YES;
				CLANG_WARN_DIRECT_OBJC_ISA_USAGE = YES_ERROR;
				CLANG_WARN_DOCUMENTATION_COMMENTS = YES;
				CLANG_WARN_EMPTY_BODY = YES;
				CLANG_WARN_ENUM_CONVERSION = YES;
				CLANG_WARN_INFINITE_RECURSION = YES;
				CLANG_WARN_INT_CONVERSION = YES;
				CLANG_WARN_NON_LITERAL_NULL_CONVERSION = YES;
				CLANG_WARN_OBJC_IMPLICIT_RETAIN_SELF = YES;
				CLANG_WARN_OBJC_LITERAL_CONVERSION = YES;
				CLANG_WARN_OBJC_ROOT_CLASS = YES_ERROR;
				CLANG_WARN_QUOTED_INCLUDE_IN_FRAMEWORK_HEADER = YES;
				CLANG_WARN_RANGE_LOOP_ANALYSIS = YES;
				CLANG_WARN_STRICT_PROTOTYPES = YES;
				CLANG_WARN_SUSPICIOUS_MOVE = YES;
				CLANG_WARN_UNGUARDED_AVAILABILITY = YES_AGGRESSIVE;
				CLANG_WARN_UNREACHABLE_CODE = YES;
				CLANG_WARN__DUPLICATE_METHOD_MATCH = YES;
				COPY_PHASE_STRIP = NO;
				DEBUG_INFORMATION_FORMAT = "dwarf-with-dsym";
				ENABLE_NS_ASSERTIONS = NO;
				ENABLE_STRICT_OBJC_MSGSEND = YES;
				GCC_C_LANGUAGE_STANDARD = gnu11;
				GCC_NO_COMMON_BLOCKS = YES;
				GCC_WARN_64_TO_32_BIT_CONVERSION = YES;
				GCC_WARN_ABOUT_RETURN_TYPE = YES_ERROR;
				GCC_WARN_UNDECLARED_SELECTOR = YES;
				GCC_WARN_UNINITIALIZED_AUTOS = YES_AGGRESSIVE;
				GCC_WARN_UNUSED_FUNCTION = YES;
				GCC_WARN_UNUSED_VARIABLE = YES;
				IPHONEOS_DEPLOYMENT_TARGET = 16.1;
				MTL_ENABLE_DEBUG_INFO = NO;
				MTL_FAST_MATH = YES;
				SDKROOT = iphoneos;
				SWIFT_COMPILATION_MODE = wholemodule;
				SWIFT_OPTIMIZATION_LEVEL = "-O";
				VALIDATE_PRODUCT = YES;
			};
			name = Release;
		};
		15DCFE4E29CC351800F892D9 /* Debug */ = {
			isa = XCBuildConfiguration;
			buildSettings = {
				ASSETCATALOG_COMPILER_APPICON_NAME = AppIcon;
				ASSETCATALOG_COMPILER_GLOBAL_ACCENT_COLOR_NAME = AccentColor;
				CODE_SIGN_STYLE = Automatic;
				CURRENT_PROJECT_VERSION = 1;
				DEVELOPMENT_TEAM = 37D4SXVKKL;
				GENERATE_INFOPLIST_FILE = YES;
				INFOPLIST_FILE = date/Info.plist;
				INFOPLIST_KEY_UIApplicationSupportsIndirectInputEvents = YES;
				INFOPLIST_KEY_UILaunchStoryboardName = LaunchScreen;
				INFOPLIST_KEY_UIMainStoryboardFile = Main;
				INFOPLIST_KEY_UISupportedInterfaceOrientations_iPad = "UIInterfaceOrientationPortrait UIInterfaceOrientationPortraitUpsideDown UIInterfaceOrientationLandscapeLeft UIInterfaceOrientationLandscapeRight";
				INFOPLIST_KEY_UISupportedInterfaceOrientations_iPhone = "UIInterfaceOrientationPortrait UIInterfaceOrientationLandscapeLeft UIInterfaceOrientationLandscapeRight";
				IPHONEOS_DEPLOYMENT_TARGET = 15.0;
				LD_RUNPATH_SEARCH_PATHS = (
					"$(inherited)",
					"@executable_path/Frameworks",
				);
				MARKETING_VERSION = 1.0;
				PRODUCT_BUNDLE_IDENTIFIER = "PEPUL-TECH-PRIVATE-LIMITED.date";
				PRODUCT_NAME = "$(TARGET_NAME)";
				SWIFT_EMIT_LOC_STRINGS = YES;
				SWIFT_VERSION = 5.0;
				TARGETED_DEVICE_FAMILY = "1,2";
			};
			name = Debug;
		};
		15DCFE4F29CC351800F892D9 /* Release */ = {
			isa = XCBuildConfiguration;
			buildSettings = {
				ASSETCATALOG_COMPILER_APPICON_NAME = AppIcon;
				ASSETCATALOG_COMPILER_GLOBAL_ACCENT_COLOR_NAME = AccentColor;
				CODE_SIGN_STYLE = Automatic;
				CURRENT_PROJECT_VERSION = 1;
				DEVELOPMENT_TEAM = 37D4SXVKKL;
				GENERATE_INFOPLIST_FILE = YES;
				INFOPLIST_FILE = date/Info.plist;
				INFOPLIST_KEY_UIApplicationSupportsIndirectInputEvents = YES;
				INFOPLIST_KEY_UILaunchStoryboardName = LaunchScreen;
				INFOPLIST_KEY_UIMainStoryboardFile = Main;
				INFOPLIST_KEY_UISupportedInterfaceOrientations_iPad = "UIInterfaceOrientationPortrait UIInterfaceOrientationPortraitUpsideDown UIInterfaceOrientationLandscapeLeft UIInterfaceOrientationLandscapeRight";
				INFOPLIST_KEY_UISupportedInterfaceOrientations_iPhone = "UIInterfaceOrientationPortrait UIInterfaceOrientationLandscapeLeft UIInterfaceOrientationLandscapeRight";
				IPHONEOS_DEPLOYMENT_TARGET = 15.0;
				LD_RUNPATH_SEARCH_PATHS = (
					"$(inherited)",
					"@executable_path/Frameworks",
				);
				MARKETING_VERSION = 1.0;
				PRODUCT_BUNDLE_IDENTIFIER = "PEPUL-TECH-PRIVATE-LIMITED.date";
				PRODUCT_NAME = "$(TARGET_NAME)";
				SWIFT_EMIT_LOC_STRINGS = YES;
				SWIFT_VERSION = 5.0;
				TARGETED_DEVICE_FAMILY = "1,2";
			};
			name = Release;
		};
/* End XCBuildConfiguration section */

/* Begin XCConfigurationList section */
		15DCFE3129CC351600F892D9 /* Build configuration list for PBXProject "date" */ = {
			isa = XCConfigurationList;
			buildConfigurations = (
				15DCFE4B29CC351800F892D9 /* Debug */,
				15DCFE4C29CC351800F892D9 /* Release */,
			);
			defaultConfigurationIsVisible = 0;
			defaultConfigurationName = Release;
		};
		15DCFE4D29CC351800F892D9 /* Build configuration list for PBXNativeTarget "date" */ = {
			isa = XCConfigurationList;
			buildConfigurations = (
				15DCFE4E29CC351800F892D9 /* Debug */,
				15DCFE4F29CC351800F892D9 /* Release */,
			);
			defaultConfigurationIsVisible = 0;
			defaultConfigurationName = Release;
		};
/* End XCConfigurationList section */

/* Begin XCVersionGroup section */
		15DCFE4229CC351600F892D9 /* date.xcdatamodeld */ = {
			isa = XCVersionGroup;
			children = (
				15DCFE4329CC351600F892D9 /* date.xcdatamodel */,
			);
			currentVersion = 15DCFE4329CC351600F892D9 /* date.xcdatamodel */;
			path = date.xcdatamodeld;
			sourceTree = "<group>";
			versionGroupType = wrapper.xcdatamodel;
		};
/* End XCVersionGroup section */
	};
	rootObject = 15DCFE2E29CC351600F892D9 /* Project object */;
}
